github.com/q191201771/naza v0.20.1 h1:eej7eNYA9Y4Pmr082dPa48nrKkUde9JhCkj42fmWRNI=
github.com/q191201771/naza v0.20.1/go.mod h1:5LeGupZZFtYP1g/S203n9vXoUNVdlRnPIfM6rExjqt0=
github.com/q191201771/naza v0.20.2 h1:FNrvLCloMRX1zzqgdkUBi/tnTCpYIpHYn7p7dDwswbQ=
github.com/q191201771/naza v0.20.2/go.mod h1:5LeGupZZFtYP1g/S203n9vXoUNVdlRnPIfM6rExjqt0=
