github.com/q191201771/naza v0.13.1 h1:eA2n87AfADKKFNtRyulKbuD942POferOHZwmAfwBw7I=
github.com/q191201771/naza v0.13.1/go.mod h1:SE14GBGO9mAn6JZl3NlfWGtNOT7xQjxOG7f3YOdBThM=
github.com/q191201771/naza v0.13.2 h1:UVdwb5NE5PKlwTGhdUm60wRR03WoZmEbLo7TezTpEfw=
github.com/q191201771/naza v0.13.2/go.mod h1:SE14GBGO9mAn6JZl3NlfWGtNOT7xQjxOG7f3YOdBThM=
github.com/q191201771/naza v0.13.3 h1:Q2xuUF6RJaWWV0iyJezsHLKBi7wXS39p70elfRB0SlM=
github.com/q191201771/naza v0.13.3/go.mod h1:SE14GBGO9mAn6JZl3NlfWGtNOT7xQjxOG7f3YOdBThM=
